
Microsoft Visual Studio Solution File, Format Version 12.00
# Visual Studio 15
VisualStudioVersion = 15.0.27703.2042
MinimumVisualStudioVersion = 10.0.40219.1
Project("{FAE04EC0-301F-11D3-BF4B-00C04F79EFBC}") = "WebApplication3", "WebApplication3\WebApplication3.csproj", "{03B10F7E-7C4E-4C4A-B0FA-FC4C0D84506B}"
EndProject
Global
	GlobalSection(SolutionConfigurationPlatforms) = preSolution
		Debug|Any CPU = Debug|Any CPU
		Release|Any CPU = Release|Any CPU
	EndGlobalSection
	GlobalSection(ProjectConfigurationPlatforms) = postSolution
		{03B10F7E-7C4E-4C4A-B0FA-FC4C0D84506B}.Debug|Any CPU.ActiveCfg = Debug|Any CPU
		{03B10F7E-7C4E-4C4A-B0FA-FC4C0D84506B}.Debug|Any CPU.Build.0 = Debug|Any CPU
		{03B10F7E-7C4E-4C4A-B0FA-FC4C0D84506B}.Release|Any CPU.ActiveCfg = Release|Any CPU
		{03B10F7E-7C4E-4C4A-B0FA-FC4C0D84506B}.Release|Any CPU.Build.0 = Release|Any CPU
	EndGlobalSection
	GlobalSection(SolutionProperties) = preSolution
		HideSolutionNode = FALSE
	EndGlobalSection
	GlobalSection(ExtensibilityGlobals) = postSolution
		SolutionGuid = {65EC4A5E-E2C6-4B6F-802B-C93FB67CD8BA}
	EndGlobalSection
EndGlobal
